
Microsoft Visual Studio Solution File, Format Version 12.00
# Visual Studio Version 16
VisualStudioVersion = 16.0.29613.14
MinimumVisualStudioVersion = 10.0.40219.1
Project("{9A19103F-16F7-4668-BE54-9A1E7A4F7556}") = "Metrics", "Metrics\Metrics.csproj", "{89516351-3001-4509-897C-A81E989B03C6}"
EndProject
Project("{9A19103F-16F7-4668-BE54-9A1E7A4F7556}") = "Metrics.Extensions.MassTransit", "Metrics.Extensions.MassTransit\Metrics.Extensions.MassTransit.csproj", "{67B80D92-D630-4BFD-8541-8666616ABF7B}"
EndProject
Project("{9A19103F-16F7-4668-BE54-9A1E7A4F7556}") = "Metrics.Extensions.Tracking", "Metrics.Extensions.Tracking\Metrics.Extensions.Tracking.csproj", "{7BF07806-8892-47BA-914A-F010F315F2FA}"
EndProject
Project("{FAE04EC0-301F-11D3-BF4B-00C04F79EFBC}") = "Metrics.UnitTests", "..\tests\Metrics.UnitTests\Metrics.UnitTests.csproj", "{0A2BCAB7-A7EA-48C1-9398-015B97F2053A}"
EndProject
Global
	GlobalSection(SolutionConfigurationPlatforms) = preSolution
		Debug|Any CPU = Debug|Any CPU
		Release|Any CPU = Release|Any CPU
	EndGlobalSection
	GlobalSection(ProjectConfigurationPlatforms) = postSolution
		{89516351-3001-4509-897C-A81E989B03C6}.Debug|Any CPU.ActiveCfg = Debug|Any CPU
		{89516351-3001-4509-897C-A81E989B03C6}.Debug|Any CPU.Build.0 = Debug|Any CPU
		{89516351-3001-4509-897C-A81E989B03C6}.Release|Any CPU.ActiveCfg = Release|Any CPU
		{89516351-3001-4509-897C-A81E989B03C6}.Release|Any CPU.Build.0 = Release|Any CPU
		{67B80D92-D630-4BFD-8541-8666616ABF7B}.Debug|Any CPU.ActiveCfg = Debug|Any CPU
		{67B80D92-D630-4BFD-8541-8666616ABF7B}.Debug|Any CPU.Build.0 = Debug|Any CPU
		{67B80D92-D630-4BFD-8541-8666616ABF7B}.Release|Any CPU.ActiveCfg = Release|Any CPU
		{67B80D92-D630-4BFD-8541-8666616ABF7B}.Release|Any CPU.Build.0 = Release|Any CPU
		{7BF07806-8892-47BA-914A-F010F315F2FA}.Debug|Any CPU.ActiveCfg = Debug|Any CPU
		{7BF07806-8892-47BA-914A-F010F315F2FA}.Debug|Any CPU.Build.0 = Debug|Any CPU
		{7BF07806-8892-47BA-914A-F010F315F2FA}.Release|Any CPU.ActiveCfg = Release|Any CPU
		{7BF07806-8892-47BA-914A-F010F315F2FA}.Release|Any CPU.Build.0 = Release|Any CPU
		{0A2BCAB7-A7EA-48C1-9398-015B97F2053A}.Debug|Any CPU.ActiveCfg = Debug|Any CPU
		{0A2BCAB7-A7EA-48C1-9398-015B97F2053A}.Debug|Any CPU.Build.0 = Debug|Any CPU
		{0A2BCAB7-A7EA-48C1-9398-015B97F2053A}.Release|Any CPU.ActiveCfg = Release|Any CPU
		{0A2BCAB7-A7EA-48C1-9398-015B97F2053A}.Release|Any CPU.Build.0 = Release|Any CPU
	EndGlobalSection
	GlobalSection(SolutionProperties) = preSolution
		HideSolutionNode = FALSE
	EndGlobalSection
	GlobalSection(ExtensibilityGlobals) = postSolution
		SolutionGuid = {2694E08D-5D14-47A3-BCF7-9725B2383E89}
	EndGlobalSection
EndGlobal
